
Microsoft Visual Studio Solution File, Format Version 12.00
# Visual Studio Version 17
VisualStudioVersion = 17.0.31903.59
MinimumVisualStudioVersion = 10.0.40219.1
Project("{FAE04EC0-301F-11D3-BF4B-00C04F79EFBC}") = "ShareTV.Domain", "ShareTV.Domain\ShareTV.Domain.csproj", "{C5F2F412-4E85-4430-AEDC-195D79C2A8B6}"
EndProject
Project("{FAE04EC0-301F-11D3-BF4B-00C04F79EFBC}") = "ShareTV.Application", "ShareTV.Application\ShareTV.Application.csproj", "{55EAB5C8-551C-4121-AE6C-AEEE8931F260}"
EndProject
Project("{FAE04EC0-301F-11D3-BF4B-00C04F79EFBC}") = "ShareTV.Infrastructure", "ShareTV.Infrastructure\ShareTV.Infrastructure.csproj", "{8AF2D2F7-90D3-4B85-A14D-468356154436}"
EndProject
Project("{FAE04EC0-301F-11D3-BF4B-00C04F79EFBC}") = "ShareTV.API", "ShareTV.API\ShareTV.API.csproj", "{4D30C0CA-D98C-490F-831A-538C27584516}"
EndProject
Global
	GlobalSection(SolutionConfigurationPlatforms) = preSolution
		Debug|Any CPU = Debug|Any CPU
		Debug|x64 = Debug|x64
		Debug|x86 = Debug|x86
		Release|Any CPU = Release|Any CPU
		Release|x64 = Release|x64
		Release|x86 = Release|x86
	EndGlobalSection
	GlobalSection(ProjectConfigurationPlatforms) = postSolution
		{C5F2F412-4E85-4430-AEDC-195D79C2A8B6}.Debug|Any CPU.ActiveCfg = Debug|Any CPU
		{C5F2F412-4E85-4430-AEDC-195D79C2A8B6}.Debug|Any CPU.Build.0 = Debug|Any CPU
		{C5F2F412-4E85-4430-AEDC-195D79C2A8B6}.Debug|x64.ActiveCfg = Debug|Any CPU
		{C5F2F412-4E85-4430-AEDC-195D79C2A8B6}.Debug|x64.Build.0 = Debug|Any CPU
		{C5F2F412-4E85-4430-AEDC-195D79C2A8B6}.Debug|x86.ActiveCfg = Debug|Any CPU
		{C5F2F412-4E85-4430-AEDC-195D79C2A8B6}.Debug|x86.Build.0 = Debug|Any CPU
		{C5F2F412-4E85-4430-AEDC-195D79C2A8B6}.Release|Any CPU.ActiveCfg = Release|Any CPU
		{C5F2F412-4E85-4430-AEDC-195D79C2A8B6}.Release|Any CPU.Build.0 = Release|Any CPU
		{C5F2F412-4E85-4430-AEDC-195D79C2A8B6}.Release|x64.ActiveCfg = Release|Any CPU
		{C5F2F412-4E85-4430-AEDC-195D79C2A8B6}.Release|x64.Build.0 = Release|Any CPU
		{C5F2F412-4E85-4430-AEDC-195D79C2A8B6}.Release|x86.ActiveCfg = Release|Any CPU
		{C5F2F412-4E85-4430-AEDC-195D79C2A8B6}.Release|x86.Build.0 = Release|Any CPU
		{55EAB5C8-551C-4121-AE6C-AEEE8931F260}.Debug|Any CPU.ActiveCfg = Debug|Any CPU
		{55EAB5C8-551C-4121-AE6C-AEEE8931F260}.Debug|Any CPU.Build.0 = Debug|Any CPU
		{55EAB5C8-551C-4121-AE6C-AEEE8931F260}.Debug|x64.ActiveCfg = Debug|Any CPU
		{55EAB5C8-551C-4121-AE6C-AEEE8931F260}.Debug|x64.Build.0 = Debug|Any CPU
		{55EAB5C8-551C-4121-AE6C-AEEE8931F260}.Debug|x86.ActiveCfg = Debug|Any CPU
		{55EAB5C8-551C-4121-AE6C-AEEE8931F260}.Debug|x86.Build.0 = Debug|Any CPU
		{55EAB5C8-551C-4121-AE6C-AEEE8931F260}.Release|Any CPU.ActiveCfg = Release|Any CPU
		{55EAB5C8-551C-4121-AE6C-AEEE8931F260}.Release|Any CPU.Build.0 = Release|Any CPU
		{55EAB5C8-551C-4121-AE6C-AEEE8931F260}.Release|x64.ActiveCfg = Release|Any CPU
		{55EAB5C8-551C-4121-AE6C-AEEE8931F260}.Release|x64.Build.0 = Release|Any CPU
		{55EAB5C8-551C-4121-AE6C-AEEE8931F260}.Release|x86.ActiveCfg = Release|Any CPU
		{55EAB5C8-551C-4121-AE6C-AEEE8931F260}.Release|x86.Build.0 = Release|Any CPU
		{8AF2D2F7-90D3-4B85-A14D-468356154436}.Debug|Any CPU.ActiveCfg = Debug|Any CPU
		{8AF2D2F7-90D3-4B85-A14D-468356154436}.Debug|Any CPU.Build.0 = Debug|Any CPU
		{8AF2D2F7-90D3-4B85-A14D-468356154436}.Debug|x64.ActiveCfg = Debug|Any CPU
		{8AF2D2F7-90D3-4B85-A14D-468356154436}.Debug|x64.Build.0 = Debug|Any CPU
		{8AF2D2F7-90D3-4B85-A14D-468356154436}.Debug|x86.ActiveCfg = Debug|Any CPU
		{8AF2D2F7-90D3-4B85-A14D-468356154436}.Debug|x86.Build.0 = Debug|Any CPU
		{8AF2D2F7-90D3-4B85-A14D-468356154436}.Release|Any CPU.ActiveCfg = Release|Any CPU
		{8AF2D2F7-90D3-4B85-A14D-468356154436}.Release|Any CPU.Build.0 = Release|Any CPU
		{8AF2D2F7-90D3-4B85-A14D-468356154436}.Release|x64.ActiveCfg = Release|Any CPU
		{8AF2D2F7-90D3-4B85-A14D-468356154436}.Release|x64.Build.0 = Release|Any CPU
		{8AF2D2F7-90D3-4B85-A14D-468356154436}.Release|x86.ActiveCfg = Release|Any CPU
		{8AF2D2F7-90D3-4B85-A14D-468356154436}.Release|x86.Build.0 = Release|Any CPU
		{4D30C0CA-D98C-490F-831A-538C27584516}.Debug|Any CPU.ActiveCfg = Debug|Any CPU
		{4D30C0CA-D98C-490F-831A-538C27584516}.Debug|Any CPU.Build.0 = Debug|Any CPU
		{4D30C0CA-D98C-490F-831A-538C27584516}.Debug|x64.ActiveCfg = Debug|Any CPU
		{4D30C0CA-D98C-490F-831A-538C27584516}.Debug|x64.Build.0 = Debug|Any CPU
		{4D30C0CA-D98C-490F-831A-538C27584516}.Debug|x86.ActiveCfg = Debug|Any CPU
		{4D30C0CA-D98C-490F-831A-538C27584516}.Debug|x86.Build.0 = Debug|Any CPU
		{4D30C0CA-D98C-490F-831A-538C27584516}.Release|Any CPU.ActiveCfg = Release|Any CPU
		{4D30C0CA-D98C-490F-831A-538C27584516}.Release|Any CPU.Build.0 = Release|Any CPU
		{4D30C0CA-D98C-490F-831A-538C27584516}.Release|x64.ActiveCfg = Release|Any CPU
		{4D30C0CA-D98C-490F-831A-538C27584516}.Release|x64.Build.0 = Release|Any CPU
		{4D30C0CA-D98C-490F-831A-538C27584516}.Release|x86.ActiveCfg = Release|Any CPU
		{4D30C0CA-D98C-490F-831A-538C27584516}.Release|x86.Build.0 = Release|Any CPU
	EndGlobalSection
	GlobalSection(SolutionProperties) = preSolution
		HideSolutionNode = FALSE
	EndGlobalSection
EndGlobal
